
Microsoft Visual Studio Solution File, Format Version 12.00
# Visual Studio 14
VisualStudioVersion = 14.0.25420.1
MinimumVisualStudioVersion = 10.0.40219.1
Project("{2150E333-8FDC-42A3-9474-1A3956D46DE8}") = "Application", "Application", "{C355CBA9-6D8F-4AE3-878D-09A22C2F0904}"
EndProject
Project("{2150E333-8FDC-42A3-9474-1A3956D46DE8}") = "WSchool", "WSchool", "{D42033C8-1CC8-4CB7-A37F-76A13698096C}"
EndProject
Project("{FAE04EC0-301F-11D3-BF4B-00C04F79EFBC}") = "WS.ApplicationService", "WS.ApplicationService\WS.ApplicationService.csproj", "{5661861F-1EA3-4E0C-A739-CFD9B7BDF1E0}"
EndProject
Project("{2150E333-8FDC-42A3-9474-1A3956D46DE8}") = "Infrastructure", "Infrastructure", "{FDAE944B-B38B-4904-8561-B9583960AF40}"
EndProject
Project("{FAE04EC0-301F-11D3-BF4B-00C04F79EFBC}") = "WS.Infrastructure.Utility", "WS.Infrastructure.Utility\WS.Infrastructure.Utility.csproj", "{5EFDF258-206F-4343-8CB8-438F481502A4}"
EndProject
Project("{FAE04EC0-301F-11D3-BF4B-00C04F79EFBC}") = "WS.Utility", "WS.Utility\WS.Utility.csproj", "{90D51B33-F677-4FB6-994D-4FBF44CDEBC5}"
EndProject
Project("{FAE04EC0-301F-11D3-BF4B-00C04F79EFBC}") = "WS.DAL", "WS.DAL\WS.DAL.csproj", "{101CA88C-3A03-495D-A880-F16B3599E62E}"
EndProject
Project("{FAE04EC0-301F-11D3-BF4B-00C04F79EFBC}") = "WS.BLL", "WS.BLL\WS.BLL.csproj", "{BE89F5AB-E7D8-4FD1-A46A-02D060FAB6C2}"
EndProject
Project("{FAE04EC0-301F-11D3-BF4B-00C04F79EFBC}") = "WS.Entity", "WS.Entity\WS.Entity.csproj", "{69A3C153-6E46-4FE0-BB63-4D1C4E326A04}"
EndProject
Project("{FAE04EC0-301F-11D3-BF4B-00C04F79EFBC}") = "WS.SchoolWebSite", "WS.SchoolWebSite\WS.SchoolWebSite.csproj", "{30AB1407-A7E0-47C4-93BF-5B69AC5B68A4}"
EndProject
Global
	GlobalSection(SolutionConfigurationPlatforms) = preSolution
		Debug|Any CPU = Debug|Any CPU
		Release|Any CPU = Release|Any CPU
	EndGlobalSection
	GlobalSection(ProjectConfigurationPlatforms) = postSolution
		{5661861F-1EA3-4E0C-A739-CFD9B7BDF1E0}.Debug|Any CPU.ActiveCfg = Debug|Any CPU
		{5661861F-1EA3-4E0C-A739-CFD9B7BDF1E0}.Debug|Any CPU.Build.0 = Debug|Any CPU
		{5661861F-1EA3-4E0C-A739-CFD9B7BDF1E0}.Release|Any CPU.ActiveCfg = Release|Any CPU
		{5661861F-1EA3-4E0C-A739-CFD9B7BDF1E0}.Release|Any CPU.Build.0 = Release|Any CPU
		{5EFDF258-206F-4343-8CB8-438F481502A4}.Debug|Any CPU.ActiveCfg = Debug|Any CPU
		{5EFDF258-206F-4343-8CB8-438F481502A4}.Debug|Any CPU.Build.0 = Debug|Any CPU
		{5EFDF258-206F-4343-8CB8-438F481502A4}.Release|Any CPU.ActiveCfg = Release|Any CPU
		{5EFDF258-206F-4343-8CB8-438F481502A4}.Release|Any CPU.Build.0 = Release|Any CPU
		{90D51B33-F677-4FB6-994D-4FBF44CDEBC5}.Debug|Any CPU.ActiveCfg = Debug|Any CPU
		{90D51B33-F677-4FB6-994D-4FBF44CDEBC5}.Debug|Any CPU.Build.0 = Debug|Any CPU
		{90D51B33-F677-4FB6-994D-4FBF44CDEBC5}.Release|Any CPU.ActiveCfg = Release|Any CPU
		{90D51B33-F677-4FB6-994D-4FBF44CDEBC5}.Release|Any CPU.Build.0 = Release|Any CPU
		{101CA88C-3A03-495D-A880-F16B3599E62E}.Debug|Any CPU.ActiveCfg = Debug|Any CPU
		{101CA88C-3A03-495D-A880-F16B3599E62E}.Debug|Any CPU.Build.0 = Debug|Any CPU
		{101CA88C-3A03-495D-A880-F16B3599E62E}.Release|Any CPU.ActiveCfg = Release|Any CPU
		{101CA88C-3A03-495D-A880-F16B3599E62E}.Release|Any CPU.Build.0 = Release|Any CPU
		{BE89F5AB-E7D8-4FD1-A46A-02D060FAB6C2}.Debug|Any CPU.ActiveCfg = Debug|Any CPU
		{BE89F5AB-E7D8-4FD1-A46A-02D060FAB6C2}.Debug|Any CPU.Build.0 = Debug|Any CPU
		{BE89F5AB-E7D8-4FD1-A46A-02D060FAB6C2}.Release|Any CPU.ActiveCfg = Release|Any CPU
		{BE89F5AB-E7D8-4FD1-A46A-02D060FAB6C2}.Release|Any CPU.Build.0 = Release|Any CPU
		{69A3C153-6E46-4FE0-BB63-4D1C4E326A04}.Debug|Any CPU.ActiveCfg = Debug|Any CPU
		{69A3C153-6E46-4FE0-BB63-4D1C4E326A04}.Debug|Any CPU.Build.0 = Debug|Any CPU
		{69A3C153-6E46-4FE0-BB63-4D1C4E326A04}.Release|Any CPU.ActiveCfg = Release|Any CPU
		{69A3C153-6E46-4FE0-BB63-4D1C4E326A04}.Release|Any CPU.Build.0 = Release|Any CPU
		{30AB1407-A7E0-47C4-93BF-5B69AC5B68A4}.Debug|Any CPU.ActiveCfg = Debug|Any CPU
		{30AB1407-A7E0-47C4-93BF-5B69AC5B68A4}.Debug|Any CPU.Build.0 = Debug|Any CPU
		{30AB1407-A7E0-47C4-93BF-5B69AC5B68A4}.Release|Any CPU.ActiveCfg = Release|Any CPU
		{30AB1407-A7E0-47C4-93BF-5B69AC5B68A4}.Release|Any CPU.Build.0 = Release|Any CPU
	EndGlobalSection
	GlobalSection(SolutionProperties) = preSolution
		HideSolutionNode = FALSE
	EndGlobalSection
	GlobalSection(NestedProjects) = preSolution
		{D42033C8-1CC8-4CB7-A37F-76A13698096C} = {C355CBA9-6D8F-4AE3-878D-09A22C2F0904}
		{5661861F-1EA3-4E0C-A739-CFD9B7BDF1E0} = {D42033C8-1CC8-4CB7-A37F-76A13698096C}
		{5EFDF258-206F-4343-8CB8-438F481502A4} = {FDAE944B-B38B-4904-8561-B9583960AF40}
		{90D51B33-F677-4FB6-994D-4FBF44CDEBC5} = {D42033C8-1CC8-4CB7-A37F-76A13698096C}
		{101CA88C-3A03-495D-A880-F16B3599E62E} = {D42033C8-1CC8-4CB7-A37F-76A13698096C}
		{BE89F5AB-E7D8-4FD1-A46A-02D060FAB6C2} = {D42033C8-1CC8-4CB7-A37F-76A13698096C}
		{69A3C153-6E46-4FE0-BB63-4D1C4E326A04} = {D42033C8-1CC8-4CB7-A37F-76A13698096C}
		{30AB1407-A7E0-47C4-93BF-5B69AC5B68A4} = {D42033C8-1CC8-4CB7-A37F-76A13698096C}
	EndGlobalSection
EndGlobal
